
Microsoft Visual Studio Solution File, Format Version 12.00
# Visual Studio Version 16
VisualStudioVersion = 16.0.31005.135
MinimumVisualStudioVersion = 10.0.40219.1
Project("{FAE04EC0-301F-11D3-BF4B-00C04F79EFBC}") = "Exemplo1Aula1", "Exemplo1Aula1\Exemplo1Aula1.csproj", "{0B454341-F360-4D09-A177-EB25F65E3065}"
EndProject
Global
	GlobalSection(SolutionConfigurationPlatforms) = preSolution
		Debug|Any CPU = Debug|Any CPU
		Release|Any CPU = Release|Any CPU
	EndGlobalSection
	GlobalSection(ProjectConfigurationPlatforms) = postSolution
		{0B454341-F360-4D09-A177-EB25F65E3065}.Debug|Any CPU.ActiveCfg = Debug|Any CPU
		{0B454341-F360-4D09-A177-EB25F65E3065}.Debug|Any CPU.Build.0 = Debug|Any CPU
		{0B454341-F360-4D09-A177-EB25F65E3065}.Release|Any CPU.ActiveCfg = Release|Any CPU
		{0B454341-F360-4D09-A177-EB25F65E3065}.Release|Any CPU.Build.0 = Release|Any CPU
	EndGlobalSection
	GlobalSection(SolutionProperties) = preSolution
		HideSolutionNode = FALSE
	EndGlobalSection
	GlobalSection(ExtensibilityGlobals) = postSolution
		SolutionGuid = {48E373B2-6A11-4F71-9880-2B96AA519B65}
	EndGlobalSection
EndGlobal
