
Microsoft Visual Studio Solution File, Format Version 12.00
# Visual Studio Version 16
VisualStudioVersion = 16.0.31005.135
MinimumVisualStudioVersion = 10.0.40219.1
Project("{FAE04EC0-301F-11D3-BF4B-00C04F79EFBC}") = "Exemplo3Aula1", "Exemplo3Aula1\Exemplo3Aula1.csproj", "{50A9279C-D9D8-42E9-9447-5ADE1B7CDA75}"
EndProject
Global
	GlobalSection(SolutionConfigurationPlatforms) = preSolution
		Debug|Any CPU = Debug|Any CPU
		Release|Any CPU = Release|Any CPU
	EndGlobalSection
	GlobalSection(ProjectConfigurationPlatforms) = postSolution
		{50A9279C-D9D8-42E9-9447-5ADE1B7CDA75}.Debug|Any CPU.ActiveCfg = Debug|Any CPU
		{50A9279C-D9D8-42E9-9447-5ADE1B7CDA75}.Debug|Any CPU.Build.0 = Debug|Any CPU
		{50A9279C-D9D8-42E9-9447-5ADE1B7CDA75}.Release|Any CPU.ActiveCfg = Release|Any CPU
		{50A9279C-D9D8-42E9-9447-5ADE1B7CDA75}.Release|Any CPU.Build.0 = Release|Any CPU
	EndGlobalSection
	GlobalSection(SolutionProperties) = preSolution
		HideSolutionNode = FALSE
	EndGlobalSection
	GlobalSection(ExtensibilityGlobals) = postSolution
		SolutionGuid = {DFB1630E-0475-45A3-B1A6-88B53CB93B90}
	EndGlobalSection
EndGlobal
