
Microsoft Visual Studio Solution File, Format Version 12.00
# Visual Studio Version 16
VisualStudioVersion = 16.0.31205.134
MinimumVisualStudioVersion = 10.0.40219.1
Project("{FAE04EC0-301F-11D3-BF4B-00C04F79EFBC}") = "Laboratorio4", "Laboratorio4\Laboratorio4.csproj", "{781F62D3-61F0-40E2-8110-A9D1F8AAFD0E}"
EndProject
Global
	GlobalSection(SolutionConfigurationPlatforms) = preSolution
		Debug|Any CPU = Debug|Any CPU
		Release|Any CPU = Release|Any CPU
	EndGlobalSection
	GlobalSection(ProjectConfigurationPlatforms) = postSolution
		{781F62D3-61F0-40E2-8110-A9D1F8AAFD0E}.Debug|Any CPU.ActiveCfg = Debug|Any CPU
		{781F62D3-61F0-40E2-8110-A9D1F8AAFD0E}.Debug|Any CPU.Build.0 = Debug|Any CPU
		{781F62D3-61F0-40E2-8110-A9D1F8AAFD0E}.Release|Any CPU.ActiveCfg = Release|Any CPU
		{781F62D3-61F0-40E2-8110-A9D1F8AAFD0E}.Release|Any CPU.Build.0 = Release|Any CPU
	EndGlobalSection
	GlobalSection(SolutionProperties) = preSolution
		HideSolutionNode = FALSE
	EndGlobalSection
	GlobalSection(ExtensibilityGlobals) = postSolution
		SolutionGuid = {FC86B2FD-DA51-4207-B972-616C2C2F4D2E}
	EndGlobalSection
EndGlobal
